
Microsoft Visual Studio Solution File, Format Version 12.00
# Visual Studio Version 16
VisualStudioVersion = 16.0.28803.452
MinimumVisualStudioVersion = 10.0.40219.1
Project("{9A19103F-16F7-4668-BE54-9A1E7A4F7556}") = "UnitTesting", "UnitTesting\UnitTesting.csproj", "{B9F1D2E5-37F4-4EEC-A0A6-61845F31CFDD}"
EndProject
Project("{FAE04EC0-301F-11D3-BF4B-00C04F79EFBC}") = "WeightCalculater.Test", "WeightCalculater.Test\WeightCalculater.Test.csproj", "{76B7172A-1C62-49A5-B37F-3BF4966E1053}"
EndProject
Global
	GlobalSection(SolutionConfigurationPlatforms) = preSolution
		Debug|Any CPU = Debug|Any CPU
		Release|Any CPU = Release|Any CPU
	EndGlobalSection
	GlobalSection(ProjectConfigurationPlatforms) = postSolution
		{B9F1D2E5-37F4-4EEC-A0A6-61845F31CFDD}.Debug|Any CPU.ActiveCfg = Debug|Any CPU
		{B9F1D2E5-37F4-4EEC-A0A6-61845F31CFDD}.Debug|Any CPU.Build.0 = Debug|Any CPU
		{B9F1D2E5-37F4-4EEC-A0A6-61845F31CFDD}.Release|Any CPU.ActiveCfg = Release|Any CPU
		{B9F1D2E5-37F4-4EEC-A0A6-61845F31CFDD}.Release|Any CPU.Build.0 = Release|Any CPU
		{76B7172A-1C62-49A5-B37F-3BF4966E1053}.Debug|Any CPU.ActiveCfg = Debug|Any CPU
		{76B7172A-1C62-49A5-B37F-3BF4966E1053}.Debug|Any CPU.Build.0 = Debug|Any CPU
		{76B7172A-1C62-49A5-B37F-3BF4966E1053}.Release|Any CPU.ActiveCfg = Release|Any CPU
		{76B7172A-1C62-49A5-B37F-3BF4966E1053}.Release|Any CPU.Build.0 = Release|Any CPU
	EndGlobalSection
	GlobalSection(SolutionProperties) = preSolution
		HideSolutionNode = FALSE
	EndGlobalSection
	GlobalSection(ExtensibilityGlobals) = postSolution
		SolutionGuid = {A8BBEB30-A7D2-4323-A954-0C101D195BE1}
	EndGlobalSection
EndGlobal
